
Microsoft Visual Studio Solution File, Format Version 12.00
# Visual Studio Version 16
VisualStudioVersion = 16.0.29709.97
MinimumVisualStudioVersion = 10.0.40219.1
Project("{9A19103F-16F7-4668-BE54-9A1E7A4F7556}") = "TDD_Assessment", "TDD_Assessment\TDD_Assessment.csproj", "{FFC9A0BB-FFEB-4058-AFC7-E5E64D5B9984}"
EndProject
Project("{FAE04EC0-301F-11D3-BF4B-00C04F79EFBC}") = "UnitTest", "UnitTest\UnitTest.csproj", "{82597790-9F7A-4B75-ABE8-31C63B44FA20}"
EndProject
Global
	GlobalSection(SolutionConfigurationPlatforms) = preSolution
		Debug|Any CPU = Debug|Any CPU
		Release|Any CPU = Release|Any CPU
	EndGlobalSection
	GlobalSection(ProjectConfigurationPlatforms) = postSolution
		{FFC9A0BB-FFEB-4058-AFC7-E5E64D5B9984}.Debug|Any CPU.ActiveCfg = Debug|Any CPU
		{FFC9A0BB-FFEB-4058-AFC7-E5E64D5B9984}.Debug|Any CPU.Build.0 = Debug|Any CPU
		{FFC9A0BB-FFEB-4058-AFC7-E5E64D5B9984}.Release|Any CPU.ActiveCfg = Release|Any CPU
		{FFC9A0BB-FFEB-4058-AFC7-E5E64D5B9984}.Release|Any CPU.Build.0 = Release|Any CPU
		{82597790-9F7A-4B75-ABE8-31C63B44FA20}.Debug|Any CPU.ActiveCfg = Debug|Any CPU
		{82597790-9F7A-4B75-ABE8-31C63B44FA20}.Debug|Any CPU.Build.0 = Debug|Any CPU
		{82597790-9F7A-4B75-ABE8-31C63B44FA20}.Release|Any CPU.ActiveCfg = Release|Any CPU
		{82597790-9F7A-4B75-ABE8-31C63B44FA20}.Release|Any CPU.Build.0 = Release|Any CPU
	EndGlobalSection
	GlobalSection(SolutionProperties) = preSolution
		HideSolutionNode = FALSE
	EndGlobalSection
	GlobalSection(ExtensibilityGlobals) = postSolution
		SolutionGuid = {2A45B5E2-43EB-41CE-8141-23D22F9FFEFD}
	EndGlobalSection
EndGlobal
